// !$*UTF8*$!
{
	archiveVersion = 1;
	classes = {
	};
	objectVersion = 77;
	objects = {

/* Begin PBXBuildFile section */
		6AB2A0BD2E152BA3004C3D9E /* Stripe in Frameworks */ = {isa = PBXBuildFile; productRef = 6AB2A0BC2E152BA3004C3D9E /* Stripe */; };
		6AB2A0BF2E152BA3004C3D9E /* StripeApplePay in Frameworks */ = {isa = PBXBuildFile; productRef = 6AB2A0BE2E152BA3004C3D9E /* StripeApplePay */; };
		6AB2A0C12E152BA3004C3D9E /* StripeCardScan in Frameworks */ = {isa = PBXBuildFile; productRef = 6AB2A0C02E152BA3004C3D9E /* StripeCardScan */; };
		6AB2A0C32E152BA3004C3D9E /* StripeConnect in Frameworks */ = {isa = PBXBuildFile; productRef = 6AB2A0C22E152BA3004C3D9E /* StripeConnect */; };
		6AB2A0C52E152BA3004C3D9E /* StripeFinancialConnections in Frameworks */ = {isa = PBXBuildFile; productRef = 6AB2A0C42E152BA3004C3D9E /* StripeFinancialConnections */; };
		6AB2A0C72E152BA3004C3D9E /* StripeIdentity in Frameworks */ = {isa = PBXBuildFile; productRef = 6AB2A0C62E152BA3004C3D9E /* StripeIdentity */; };
		6AB2A0C92E152BA3004C3D9E /* StripePaymentSheet in Frameworks */ = {isa = PBXBuildFile; productRef = 6AB2A0C82E152BA3004C3D9E /* StripePaymentSheet */; };
		6AB2A0CB2E152BA3004C3D9E /* StripePayments in Frameworks */ = {isa = PBXBuildFile; productRef = 6AB2A0CA2E152BA3004C3D9E /* StripePayments */; };
		6AB2A0CD2E152BA3004C3D9E /* StripePaymentsUI in Frameworks */ = {isa = PBXBuildFile; productRef = 6AB2A0CC2E152BA3004C3D9E /* StripePaymentsUI */; };
/* End PBXBuildFile section */

/* Begin PBXFileReference section */
		6A0735162E0FE6BE008B80F6 /* BoltMedusaAuth.app */ = {isa = PBXFileReference; explicitFileType = wrapper.application; includeInIndex = 0; path = BoltMedusaAuth.app; sourceTree = BUILT_PRODUCTS_DIR; };
/* End PBXFileReference section */

/* Begin PBXFileSystemSynchronizedBuildFileExceptionSet section */
		6A0735232E0FE6BF008B80F6 /* Exceptions for "BoltMedusaAuth" folder in "BoltMedusaAuth" target */ = {
			isa = PBXFileSystemSynchronizedBuildFileExceptionSet;
			membershipExceptions = (
				Info.plist,
			);
			target = 6A0735152E0FE6BE008B80F6 /* BoltMedusaAuth */;
		};
/* End PBXFileSystemSynchronizedBuildFileExceptionSet section */

/* Begin PBXFileSystemSynchronizedRootGroup section */
		6A0735182E0FE6BE008B80F6 /* BoltMedusaAuth */ = {
			isa = PBXFileSystemSynchronizedRootGroup;
			exceptions = (
				6A0735232E0FE6BF008B80F6 /* Exceptions for "BoltMedusaAuth" folder in "BoltMedusaAuth" target */,
			);
			path = BoltMedusaAuth;
			sourceTree = "<group>";
		};
/* End PBXFileSystemSynchronizedRootGroup section */

/* Begin PBXFrameworksBuildPhase section */
		6A0735132E0FE6BE008B80F6 /* Frameworks */ = {
			isa = PBXFrameworksBuildPhase;
			buildActionMask = 2147483647;
			files = (
				6AB2A0C52E152BA3004C3D9E /* StripeFinancialConnections in Frameworks */,
				6AB2A0C12E152BA3004C3D9E /* StripeCardScan in Frameworks */,
				6AB2A0BD2E152BA3004C3D9E /* Stripe in Frameworks */,
				6AB2A0C72E152BA3004C3D9E /* StripeIdentity in Frameworks */,
				6AB2A0C92E152BA3004C3D9E /* StripePaymentSheet in Frameworks */,
				6AB2A0C32E152BA3004C3D9E /* StripeConnect in Frameworks */,
				6AB2A0CD2E152BA3004C3D9E /* StripePaymentsUI in Frameworks */,
				6AB2A0CB2E152BA3004C3D9E /* StripePayments in Frameworks */,
				6AB2A0BF2E152BA3004C3D9E /* StripeApplePay in Frameworks */,
			);
			runOnlyForDeploymentPostprocessing = 0;
		};
/* End PBXFrameworksBuildPhase section */

/* Begin PBXGroup section */
		6A07350D2E0FE6BE008B80F6 = {
			isa = PBXGroup;
			children = (
				6A0735182E0FE6BE008B80F6 /* BoltMedusaAuth */,
				6A0735172E0FE6BE008B80F6 /* Products */,
			);
			sourceTree = "<group>";
		};
		6A0735172E0FE6BE008B80F6 /* Products */ = {
			isa = PBXGroup;
			children = (
				6A0735162E0FE6BE008B80F6 /* BoltMedusaAuth.app */,
			);
			name = Products;
			sourceTree = "<group>";
		};
/* End PBXGroup section */

/* Begin PBXNativeTarget section */
		6A0735152E0FE6BE008B80F6 /* BoltMedusaAuth */ = {
			isa = PBXNativeTarget;
			buildConfigurationList = 6A0735242E0FE6BF008B80F6 /* Build configuration list for PBXNativeTarget "BoltMedusaAuth" */;
			buildPhases = (
				6A0735122E0FE6BE008B80F6 /* Sources */,
				6A0735132E0FE6BE008B80F6 /* Frameworks */,
				6A0735142E0FE6BE008B80F6 /* Resources */,
			);
			buildRules = (
			);
			dependencies = (
			);
			fileSystemSynchronizedGroups = (
				6A0735182E0FE6BE008B80F6 /* BoltMedusaAuth */,
			);
			name = BoltMedusaAuth;
			packageProductDependencies = (
				6AB2A0BC2E152BA3004C3D9E /* Stripe */,
				6AB2A0BE2E152BA3004C3D9E /* StripeApplePay */,
				6AB2A0C02E152BA3004C3D9E /* StripeCardScan */,
				6AB2A0C22E152BA3004C3D9E /* StripeConnect */,
				6AB2A0C42E152BA3004C3D9E /* StripeFinancialConnections */,
				6AB2A0C62E152BA3004C3D9E /* StripeIdentity */,
				6AB2A0C82E152BA3004C3D9E /* StripePaymentSheet */,
				6AB2A0CA2E152BA3004C3D9E /* StripePayments */,
				6AB2A0CC2E152BA3004C3D9E /* StripePaymentsUI */,
			);
			productName = BoltMedusaAuth;
			productReference = 6A0735162E0FE6BE008B80F6 /* BoltMedusaAuth.app */;
			productType = "com.apple.product-type.application";
		};
/* End PBXNativeTarget section */

/* Begin PBXProject section */
		6A07350E2E0FE6BE008B80F6 /* Project object */ = {
			isa = PBXProject;
			attributes = {
				BuildIndependentTargetsInParallel = 1;
				LastSwiftUpdateCheck = 1630;
				LastUpgradeCheck = 1630;
				TargetAttributes = {
					6A0735152E0FE6BE008B80F6 = {
						CreatedOnToolsVersion = 16.3;
					};
				};
			};
			buildConfigurationList = 6A0735112E0FE6BE008B80F6 /* Build configuration list for PBXProject "BoltMedusaAuth" */;
			developmentRegion = en;
			hasScannedForEncodings = 0;
			knownRegions = (
				en,
				Base,
			);
			mainGroup = 6A07350D2E0FE6BE008B80F6;
			minimizedProjectReferenceProxies = 1;
			packageReferences = (
				6AB2A0BB2E152BA3004C3D9E /* XCRemoteSwiftPackageReference "stripe-ios" */,
			);
			preferredProjectObjectVersion = 77;
			productRefGroup = 6A0735172E0FE6BE008B80F6 /* Products */;
			projectDirPath = "";
			projectRoot = "";
			targets = (
				6A0735152E0FE6BE008B80F6 /* BoltMedusaAuth */,
			);
		};
/* End PBXProject section */

/* Begin PBXResourcesBuildPhase section */
		6A0735142E0FE6BE008B80F6 /* Resources */ = {
			isa = PBXResourcesBuildPhase;
			buildActionMask = 2147483647;
			files = (
			);
			runOnlyForDeploymentPostprocessing = 0;
		};
/* End PBXResourcesBuildPhase section */

/* Begin PBXSourcesBuildPhase section */
		6A0735122E0FE6BE008B80F6 /* Sources */ = {
			isa = PBXSourcesBuildPhase;
			buildActionMask = 2147483647;
			files = (
			);
			runOnlyForDeploymentPostprocessing = 0;
		};
/* End PBXSourcesBuildPhase section */

/* Begin XCBuildConfiguration section */
		6A0735252E0FE6BF008B80F6 /* Debug */ = {
			isa = XCBuildConfiguration;
			buildSettings = {
				ASSETCATALOG_COMPILER_APPICON_NAME = AppIcon;
				ASSETCATALOG_COMPILER_GLOBAL_ACCENT_COLOR_NAME = AccentColor;
				CODE_SIGN_ENTITLEMENTS = BoltMedusaAuth/BoltMedusaAuth.entitlements;
				CODE_SIGN_STYLE = Automatic;
				CURRENT_PROJECT_VERSION = 1;
				DEVELOPMENT_TEAM = 72V7PU536C;
				ENABLE_PREVIEWS = YES;
				GENERATE_INFOPLIST_FILE = YES;
				INFOPLIST_FILE = BoltMedusaAuth/Info.plist;
				INFOPLIST_KEY_UIApplicationSceneManifest_Generation = YES;
				INFOPLIST_KEY_UIApplicationSupportsIndirectInputEvents = YES;
				INFOPLIST_KEY_UILaunchScreen_Generation = YES;
				INFOPLIST_KEY_UISupportedInterfaceOrientations_iPad = "UIInterfaceOrientationPortrait UIInterfaceOrientationPortraitUpsideDown UIInterfaceOrientationLandscapeLeft UIInterfaceOrientationLandscapeRight";
				INFOPLIST_KEY_UISupportedInterfaceOrientations_iPhone = "UIInterfaceOrientationPortrait UIInterfaceOrientationLandscapeLeft UIInterfaceOrientationLandscapeRight";
				LD_RUNPATH_SEARCH_PATHS = (
					"$(inherited)",
					"@executable_path/Frameworks",
				);
				MARKETING_VERSION = 1.0;
				PRODUCT_BUNDLE_IDENTIFIER = goiaba.BoltMedusaAuth;
				PRODUCT_NAME = "$(TARGET_NAME)";
				SWIFT_EMIT_LOC_STRINGS = YES;
				SWIFT_VERSION = 5.0;
				TARGETED_DEVICE_FAMILY = "1,2";
			};
			name = Debug;
		};
		6A0735262E0FE6BF008B80F6 /* Release */ = {
			isa = XCBuildConfiguration;
			buildSettings = {
				ASSETCATALOG_COMPILER_APPICON_NAME = AppIcon;
				ASSETCATALOG_COMPILER_GLOBAL_ACCENT_COLOR_NAME = AccentColor;
				CODE_SIGN_ENTITLEMENTS = BoltMedusaAuth/BoltMedusaAuth.entitlements;
				CODE_SIGN_STYLE = Automatic;
				CURRENT_PROJECT_VERSION = 1;
				DEVELOPMENT_TEAM = 72V7PU536C;
				ENABLE_PREVIEWS = YES;
				GENERATE_INFOPLIST_FILE = YES;
				INFOPLIST_FILE = BoltMedusaAuth/Info.plist;
				INFOPLIST_KEY_UIApplicationSceneManifest_Generation = YES;
				INFOPLIST_KEY_UIApplicationSupportsIndirectInputEvents = YES;
				INFOPLIST_KEY_UILaunchScreen_Generation = YES;
				INFOPLIST_KEY_UISupportedInterfaceOrientations_iPad = "UIInterfaceOrientationPortrait UIInterfaceOrientationPortraitUpsideDown UIInterfaceOrientationLandscapeLeft UIInterfaceOrientationLandscapeRight";
				INFOPLIST_KEY_UISupportedInterfaceOrientations_iPhone = "UIInterfaceOrientationPortrait UIInterfaceOrientationLandscapeLeft UIInterfaceOrientationLandscapeRight";
				LD_RUNPATH_SEARCH_PATHS = (
					"$(inherited)",
					"@executable_path/Frameworks",
				);
				MARKETING_VERSION = 1.0;
				PRODUCT_BUNDLE_IDENTIFIER = goiaba.BoltMedusaAuth;
				PRODUCT_NAME = "$(TARGET_NAME)";
				SWIFT_EMIT_LOC_STRINGS = YES;
				SWIFT_VERSION = 5.0;
				TARGETED_DEVICE_FAMILY = "1,2";
			};
			name = Release;
		};
		6A0735272E0FE6BF008B80F6 /* Debug */ = {
			isa = XCBuildConfiguration;
			buildSettings = {
				ALWAYS_SEARCH_USER_PATHS = NO;
				ASSETCATALOG_COMPILER_GENERATE_SWIFT_ASSET_SYMBOL_EXTENSIONS = YES;
				CLANG_ANALYZER_NONNULL = YES;
				CLANG_ANALYZER_NUMBER_OBJECT_CONVERSION = YES_AGGRESSIVE;
				CLANG_CXX_LANGUAGE_STANDARD = "gnu++20";
				CLANG_ENABLE_MODULES = YES;
				CLANG_ENABLE_OBJC_ARC = YES;
				CLANG_ENABLE_OBJC_WEAK = YES;
				CLANG_WARN_BLOCK_CAPTURE_AUTORELEASING = YES;
				CLANG_WARN_BOOL_CONVERSION = YES;
				CLANG_WARN_COMMA = YES;
				CLANG_WARN_CONSTANT_CONVERSION = YES;
				CLANG_WARN_DEPRECATED_OBJC_IMPLEMENTATIONS = YES;
				CLANG_WARN_DIRECT_OBJC_ISA_USAGE = YES_ERROR;
				CLANG_WARN_DOCUMENTATION_COMMENTS = YES;
				CLANG_WARN_EMPTY_BODY = YES;
				CLANG_WARN_ENUM_CONVERSION = YES;
				CLANG_WARN_INFINITE_RECURSION = YES;
				CLANG_WARN_INT_CONVERSION = YES;
				CLANG_WARN_NON_LITERAL_NULL_CONVERSION = YES;
				CLANG_WARN_OBJC_IMPLICIT_RETAIN_SELF = YES;
				CLANG_WARN_OBJC_LITERAL_CONVERSION = YES;
				CLANG_WARN_OBJC_ROOT_CLASS = YES_ERROR;
				CLANG_WARN_QUOTED_INCLUDE_IN_FRAMEWORK_HEADER = YES;
				CLANG_WARN_RANGE_LOOP_ANALYSIS = YES;
				CLANG_WARN_STRICT_PROTOTYPES = YES;
				CLANG_WARN_SUSPICIOUS_MOVE = YES;
				CLANG_WARN_UNGUARDED_AVAILABILITY = YES_AGGRESSIVE;
				CLANG_WARN_UNREACHABLE_CODE = YES;
				CLANG_WARN__DUPLICATE_METHOD_MATCH = YES;
				COPY_PHASE_STRIP = NO;
				DEBUG_INFORMATION_FORMAT = dwarf;
				DEVELOPMENT_TEAM = J7X3VR5648;
				ENABLE_STRICT_OBJC_MSGSEND = YES;
				ENABLE_TESTABILITY = YES;
				ENABLE_USER_SCRIPT_SANDBOXING = YES;
				GCC_C_LANGUAGE_STANDARD = gnu17;
				GCC_DYNAMIC_NO_PIC = NO;
				GCC_NO_COMMON_BLOCKS = YES;
				GCC_OPTIMIZATION_LEVEL = 0;
				GCC_PREPROCESSOR_DEFINITIONS = (
					"DEBUG=1",
					"$(inherited)",
				);
				GCC_WARN_64_TO_32_BIT_CONVERSION = YES;
				GCC_WARN_ABOUT_RETURN_TYPE = YES_ERROR;
				GCC_WARN_UNDECLARED_SELECTOR = YES;
				GCC_WARN_UNINITIALIZED_AUTOS = YES_AGGRESSIVE;
				GCC_WARN_UNUSED_FUNCTION = YES;
				GCC_WARN_UNUSED_VARIABLE = YES;
				IPHONEOS_DEPLOYMENT_TARGET = 18.4;
				LOCALIZATION_PREFERS_STRING_CATALOGS = YES;
				MTL_ENABLE_DEBUG_INFO = INCLUDE_SOURCE;
				MTL_FAST_MATH = YES;
				ONLY_ACTIVE_ARCH = YES;
				SDKROOT = iphoneos;
				SWIFT_ACTIVE_COMPILATION_CONDITIONS = "DEBUG $(inherited)";
				SWIFT_OPTIMIZATION_LEVEL = "-Onone";
			};
			name = Debug;
		};
		6A0735282E0FE6BF008B80F6 /* Release */ = {
			isa = XCBuildConfiguration;
			buildSettings = {
				ALWAYS_SEARCH_USER_PATHS = NO;
				ASSETCATALOG_COMPILER_GENERATE_SWIFT_ASSET_SYMBOL_EXTENSIONS = YES;
				CLANG_ANALYZER_NONNULL = YES;
				CLANG_ANALYZER_NUMBER_OBJECT_CONVERSION = YES_AGGRESSIVE;
				CLANG_CXX_LANGUAGE_STANDARD = "gnu++20";
				CLANG_ENABLE_MODULES = YES;
				CLANG_ENABLE_OBJC_ARC = YES;
				CLANG_ENABLE_OBJC_WEAK = YES;
				CLANG_WARN_BLOCK_CAPTURE_AUTORELEASING = YES;
				CLANG_WARN_BOOL_CONVERSION = YES;
				CLANG_WARN_COMMA = YES;
				CLANG_WARN_CONSTANT_CONVERSION = YES;
				CLANG_WARN_DEPRECATED_OBJC_IMPLEMENTATIONS = YES;
				CLANG_WARN_DIRECT_OBJC_ISA_USAGE = YES_ERROR;
				CLANG_WARN_DOCUMENTATION_COMMENTS = YES;
				CLANG_WARN_EMPTY_BODY = YES;
				CLANG_WARN_ENUM_CONVERSION = YES;
				CLANG_WARN_INFINITE_RECURSION = YES;
				CLANG_WARN_INT_CONVERSION = YES;
				CLANG_WARN_NON_LITERAL_NULL_CONVERSION = YES;
				CLANG_WARN_OBJC_IMPLICIT_RETAIN_SELF = YES;
				CLANG_WARN_OBJC_LITERAL_CONVERSION = YES;
				CLANG_WARN_OBJC_ROOT_CLASS = YES_ERROR;
				CLANG_WARN_QUOTED_INCLUDE_IN_FRAMEWORK_HEADER = YES;
				CLANG_WARN_RANGE_LOOP_ANALYSIS = YES;
				CLANG_WARN_STRICT_PROTOTYPES = YES;
				CLANG_WARN_SUSPICIOUS_MOVE = YES;
				CLANG_WARN_UNGUARDED_AVAILABILITY = YES_AGGRESSIVE;
				CLANG_WARN_UNREACHABLE_CODE = YES;
				CLANG_WARN__DUPLICATE_METHOD_MATCH = YES;
				COPY_PHASE_STRIP = NO;
				DEBUG_INFORMATION_FORMAT = "dwarf-with-dsym";
				DEVELOPMENT_TEAM = J7X3VR5648;
				ENABLE_NS_ASSERTIONS = NO;
				ENABLE_STRICT_OBJC_MSGSEND = YES;
				ENABLE_USER_SCRIPT_SANDBOXING = YES;
				GCC_C_LANGUAGE_STANDARD = gnu17;
				GCC_NO_COMMON_BLOCKS = YES;
				GCC_WARN_64_TO_32_BIT_CONVERSION = YES;
				GCC_WARN_ABOUT_RETURN_TYPE = YES_ERROR;
				GCC_WARN_UNDECLARED_SELECTOR = YES;
				GCC_WARN_UNINITIALIZED_AUTOS = YES_AGGRESSIVE;
				GCC_WARN_UNUSED_FUNCTION = YES;
				GCC_WARN_UNUSED_VARIABLE = YES;
				IPHONEOS_DEPLOYMENT_TARGET = 18.4;
				LOCALIZATION_PREFERS_STRING_CATALOGS = YES;
				MTL_ENABLE_DEBUG_INFO = NO;
				MTL_FAST_MATH = YES;
				SDKROOT = iphoneos;
				SWIFT_COMPILATION_MODE = wholemodule;
				VALIDATE_PRODUCT = YES;
			};
			name = Release;
		};
/* End XCBuildConfiguration section */

/* Begin XCConfigurationList section */
		6A0735112E0FE6BE008B80F6 /* Build configuration list for PBXProject "BoltMedusaAuth" */ = {
			isa = XCConfigurationList;
			buildConfigurations = (
				6A0735272E0FE6BF008B80F6 /* Debug */,
				6A0735282E0FE6BF008B80F6 /* Release */,
			);
			defaultConfigurationIsVisible = 0;
			defaultConfigurationName = Release;
		};
		6A0735242E0FE6BF008B80F6 /* Build configuration list for PBXNativeTarget "BoltMedusaAuth" */ = {
			isa = XCConfigurationList;
			buildConfigurations = (
				6A0735252E0FE6BF008B80F6 /* Debug */,
				6A0735262E0FE6BF008B80F6 /* Release */,
			);
			defaultConfigurationIsVisible = 0;
			defaultConfigurationName = Release;
		};
/* End XCConfigurationList section */

/* Begin XCRemoteSwiftPackageReference section */
		6AB2A0BB2E152BA3004C3D9E /* XCRemoteSwiftPackageReference "stripe-ios" */ = {
			isa = XCRemoteSwiftPackageReference;
			repositoryURL = "https://github.com/stripe/stripe-ios";
			requirement = {
				kind = upToNextMajorVersion;
				minimumVersion = 24.16.1;
			};
		};
/* End XCRemoteSwiftPackageReference section */

/* Begin XCSwiftPackageProductDependency section */
		6AB2A0BC2E152BA3004C3D9E /* Stripe */ = {
			isa = XCSwiftPackageProductDependency;
			package = 6AB2A0BB2E152BA3004C3D9E /* XCRemoteSwiftPackageReference "stripe-ios" */;
			productName = Stripe;
		};
		6AB2A0BE2E152BA3004C3D9E /* StripeApplePay */ = {
			isa = XCSwiftPackageProductDependency;
			package = 6AB2A0BB2E152BA3004C3D9E /* XCRemoteSwiftPackageReference "stripe-ios" */;
			productName = StripeApplePay;
		};
		6AB2A0C02E152BA3004C3D9E /* StripeCardScan */ = {
			isa = XCSwiftPackageProductDependency;
			package = 6AB2A0BB2E152BA3004C3D9E /* XCRemoteSwiftPackageReference "stripe-ios" */;
			productName = StripeCardScan;
		};
		6AB2A0C22E152BA3004C3D9E /* StripeConnect */ = {
			isa = XCSwiftPackageProductDependency;
			package = 6AB2A0BB2E152BA3004C3D9E /* XCRemoteSwiftPackageReference "stripe-ios" */;
			productName = StripeConnect;
		};
		6AB2A0C42E152BA3004C3D9E /* StripeFinancialConnections */ = {
			isa = XCSwiftPackageProductDependency;
			package = 6AB2A0BB2E152BA3004C3D9E /* XCRemoteSwiftPackageReference "stripe-ios" */;
			productName = StripeFinancialConnections;
		};
		6AB2A0C62E152BA3004C3D9E /* StripeIdentity */ = {
			isa = XCSwiftPackageProductDependency;
			package = 6AB2A0BB2E152BA3004C3D9E /* XCRemoteSwiftPackageReference "stripe-ios" */;
			productName = StripeIdentity;
		};
		6AB2A0C82E152BA3004C3D9E /* StripePaymentSheet */ = {
			isa = XCSwiftPackageProductDependency;
			package = 6AB2A0BB2E152BA3004C3D9E /* XCRemoteSwiftPackageReference "stripe-ios" */;
			productName = StripePaymentSheet;
		};
		6AB2A0CA2E152BA3004C3D9E /* StripePayments */ = {
			isa = XCSwiftPackageProductDependency;
			package = 6AB2A0BB2E152BA3004C3D9E /* XCRemoteSwiftPackageReference "stripe-ios" */;
			productName = StripePayments;
		};
		6AB2A0CC2E152BA3004C3D9E /* StripePaymentsUI */ = {
			isa = XCSwiftPackageProductDependency;
			package = 6AB2A0BB2E152BA3004C3D9E /* XCRemoteSwiftPackageReference "stripe-ios" */;
			productName = StripePaymentsUI;
		};
/* End XCSwiftPackageProductDependency section */
	};
	rootObject = 6A07350E2E0FE6BE008B80F6 /* Project object */;
}
